{
  "name": "sentry_practice",
  "lockfileVersion": 3,
  "requires": true,
  "packages": {
    "": {
      "dependencies": {
        "@sentry/browser": "^7.41.0",
        "@sentry/node": "^7.41.0",
        "@sentry/tracing": "^7.41.0"
      }
    },
    "node_modules/@sentry/browser": {
      "version": "7.41.0",
      "resolved": "https://registry.npmjs.org/@sentry/browser/-/browser-7.41.0.tgz",
      "integrity": "sha512-ZEtgTXPOHZ9/Qn42rr9ZAPTKCV6fAjyDC4FFWMGP4HoUqJqr2woRddP9O5n1jvjsoIPAFOmGzbCuZwFrPVVnpQ==",
      "dependencies": {
        "@sentry/core": "7.41.0",
        "@sentry/replay": "7.41.0",
        "@sentry/types": "7.41.0",
        "@sentry/utils": "7.41.0",
        "tslib": "^1.9.3"
      },
      "engines": {
        "node": ">=8"
      }
    },
    "node_modules/@sentry/core": {
      "version": "7.41.0",
      "resolved": "https://registry.npmjs.org/@sentry/core/-/core-7.41.0.tgz",
      "integrity": "sha512-yT3wl3wMfPymstIZRWNjuov4xhieIEPD0z9MIW9VmoemqkD5BEZsgPuvGaVIyQVMyx61GsN4H4xd0JCyNqNvLg==",
      "dependencies": {
        "@sentry/types": "7.41.0",
        "@sentry/utils": "7.41.0",
        "tslib": "^1.9.3"
      },
      "engines": {
        "node": ">=8"
      }
    },
    "node_modules/@sentry/node": {
      "version": "7.41.0",
      "resolved": "https://registry.npmjs.org/@sentry/node/-/node-7.41.0.tgz",
      "integrity": "sha512-JAz0TAVvq4z7dNrDBECLB5Fd4bGDGXSOR1f63iV/8fUNsZPqqdh8LXnctPXTpcTjsdlfmjUL1CC2RQ6yKYMtTQ==",
      "dependencies": {
        "@sentry/core": "7.41.0",
        "@sentry/types": "7.41.0",
        "@sentry/utils": "7.41.0",
        "cookie": "^0.4.1",
        "https-proxy-agent": "^5.0.0",
        "lru_map": "^0.3.3",
        "tslib": "^1.9.3"
      },
      "engines": {
        "node": ">=8"
      }
    },
    "node_modules/@sentry/replay": {
      "version": "7.41.0",
      "resolved": "https://registry.npmjs.org/@sentry/replay/-/replay-7.41.0.tgz",
      "integrity": "sha512-/vxuO17AysCoBbCl9wCwjsCFBD4lEbYgfC1GJm8ayWwPU1uhvZcEx6reUwi0rEFpWYGHSHh3+gi+QsOcY/EmnQ==",
      "dependencies": {
        "@sentry/core": "7.41.0",
        "@sentry/types": "7.41.0",
        "@sentry/utils": "7.41.0"
      },
      "engines": {
        "node": ">=12"
      }
    },
    "node_modules/@sentry/tracing": {
      "version": "7.41.0",
      "resolved": "https://registry.npmjs.org/@sentry/tracing/-/tracing-7.41.0.tgz",
      "integrity": "sha512-zh1ceuwQ8NzE5n8r4y78QrYD/alJl4qlkiEX9lAL6PnLMWJkVWM02BBu+x75yPFWSSDfDA/kZ9WqKkHNdjGpDw==",
      "dependencies": {
        "@sentry/core": "7.41.0",
        "@sentry/types": "7.41.0",
        "@sentry/utils": "7.41.0",
        "tslib": "^1.9.3"
      },
      "engines": {
        "node": ">=8"
      }
    },
    "node_modules/@sentry/types": {
      "version": "7.41.0",
      "resolved": "https://registry.npmjs.org/@sentry/types/-/types-7.41.0.tgz",
      "integrity": "sha512-4z9VdObynwd64i0VHCqkeIAHmsFzapL21qN41Brzb7jY/eGxjn/0rxInDGH+vkoE9qacGqiYfWj4vRNPLsC/bw==",
      "engines": {
        "node": ">=8"
      }
    },
    "node_modules/@sentry/utils": {
      "version": "7.41.0",
      "resolved": "https://registry.npmjs.org/@sentry/utils/-/utils-7.41.0.tgz",
      "integrity": "sha512-SL+MGitvkakbkrOTb48rDuJp9GYx/veB6EOzYygh49+zwz4DGM7dD4/rvf/mVlgmXUzPgdGDgkVmxgX3nT7I7g==",
      "dependencies": {
        "@sentry/types": "7.41.0",
        "tslib": "^1.9.3"
      },
      "engines": {
        "node": ">=8"
      }
    },
    "node_modules/agent-base": {
      "version": "6.0.2",
      "resolved": "https://registry.npmjs.org/agent-base/-/agent-base-6.0.2.tgz",
      "integrity": "sha512-RZNwNclF7+MS/8bDg70amg32dyeZGZxiDuQmZxKLAlQjr3jGyLx+4Kkk58UO7D2QdgFIQCovuSuZESne6RG6XQ==",
      "dependencies": {
        "debug": "4"
      },
      "engines": {
        "node": ">= 6.0.0"
      }
    },
    "node_modules/cookie": {
      "version": "0.4.2",
      "resolved": "https://registry.npmjs.org/cookie/-/cookie-0.4.2.tgz",
      "integrity": "sha512-aSWTXFzaKWkvHO1Ny/s+ePFpvKsPnjc551iI41v3ny/ow6tBG5Vd+FuqGNhh1LxOmVzOlGUriIlOaokOvhaStA==",
      "engines": {
        "node": ">= 0.6"
      }
    },
    "node_modules/debug": {
      "version": "4.3.4",
      "resolved": "https://registry.npmjs.org/debug/-/debug-4.3.4.tgz",
      "integrity": "sha512-PRWFHuSU3eDtQJPvnNY7Jcket1j0t5OuOsFzPPzsekD52Zl8qUfFIPEiswXqIvHWGVHOgX+7G/vCNNhehwxfkQ==",
      "dependencies": {
        "ms": "2.1.2"
      },
      "engines": {
        "node": ">=6.0"
      },
      "peerDependenciesMeta": {
        "supports-color": {
          "optional": true
        }
      }
    },
    "node_modules/https-proxy-agent": {
      "version": "5.0.1",
      "resolved": "https://registry.npmjs.org/https-proxy-agent/-/https-proxy-agent-5.0.1.tgz",
      "integrity": "sha512-dFcAjpTQFgoLMzC2VwU+C/CbS7uRL0lWmxDITmqm7C+7F0Odmj6s9l6alZc6AELXhrnggM2CeWSXHGOdX2YtwA==",
      "dependencies": {
        "agent-base": "6",
        "debug": "4"
      },
      "engines": {
        "node": ">= 6"
      }
    },
    "node_modules/lru_map": {
      "version": "0.3.3",
      "resolved": "https://registry.npmjs.org/lru_map/-/lru_map-0.3.3.tgz",
      "integrity": "sha512-Pn9cox5CsMYngeDbmChANltQl+5pi6XmTrraMSzhPmMBbmgcxmqWry0U3PGapCU1yB4/LqCcom7qhHZiF/jGfQ=="
    },
    "node_modules/ms": {
      "version": "2.1.2",
      "resolved": "https://registry.npmjs.org/ms/-/ms-2.1.2.tgz",
      "integrity": "sha512-sGkPx+VjMtmA6MX27oA4FBFELFCZZ4S4XqeGOXCv68tT+jb3vk/RyaKWP0PTKyWtmLSM0b+adUTEvbs1PEaH2w=="
    },
    "node_modules/tslib": {
      "version": "1.14.1",
      "resolved": "https://registry.npmjs.org/tslib/-/tslib-1.14.1.tgz",
      "integrity": "sha512-Xni35NKzjgMrwevysHTCArtLDpPvye8zV/0E4EyYn43P7/7qvQwPh9BGkHewbMulVntbigmcT7rdX3BNo9wRJg=="
    }
  }
}
