{
  "name": "sentry_practice",
  "lockfileVersion": 3,
  "requires": true,
  "packages": {
    "": {
      "dependencies": {
        "@sentry/browser": "^7.41.0",
        "@sentry/tracing": "^7.41.0"
      }
    },
    "node_modules/@sentry/browser": {
      "version": "7.41.0",
      "resolved": "https://registry.npmjs.org/@sentry/browser/-/browser-7.41.0.tgz",
      "integrity": "sha512-ZEtgTXPOHZ9/Qn42rr9ZAPTKCV6fAjyDC4FFWMGP4HoUqJqr2woRddP9O5n1jvjsoIPAFOmGzbCuZwFrPVVnpQ==",
      "dependencies": {
        "@sentry/core": "7.41.0",
        "@sentry/replay": "7.41.0",
        "@sentry/types": "7.41.0",
        "@sentry/utils": "7.41.0",
        "tslib": "^1.9.3"
      },
      "engines": {
        "node": ">=8"
      }
    },
    "node_modules/@sentry/core": {
      "version": "7.41.0",
      "resolved": "https://registry.npmjs.org/@sentry/core/-/core-7.41.0.tgz",
      "integrity": "sha512-yT3wl3wMfPymstIZRWNjuov4xhieIEPD0z9MIW9VmoemqkD5BEZsgPuvGaVIyQVMyx61GsN4H4xd0JCyNqNvLg==",
      "dependencies": {
        "@sentry/types": "7.41.0",
        "@sentry/utils": "7.41.0",
        "tslib": "^1.9.3"
      },
      "engines": {
        "node": ">=8"
      }
    },
    "node_modules/@sentry/replay": {
      "version": "7.41.0",
      "resolved": "https://registry.npmjs.org/@sentry/replay/-/replay-7.41.0.tgz",
      "integrity": "sha512-/vxuO17AysCoBbCl9wCwjsCFBD4lEbYgfC1GJm8ayWwPU1uhvZcEx6reUwi0rEFpWYGHSHh3+gi+QsOcY/EmnQ==",
      "dependencies": {
        "@sentry/core": "7.41.0",
        "@sentry/types": "7.41.0",
        "@sentry/utils": "7.41.0"
      },
      "engines": {
        "node": ">=12"
      }
    },
    "node_modules/@sentry/tracing": {
      "version": "7.41.0",
      "resolved": "https://registry.npmjs.org/@sentry/tracing/-/tracing-7.41.0.tgz",
      "integrity": "sha512-zh1ceuwQ8NzE5n8r4y78QrYD/alJl4qlkiEX9lAL6PnLMWJkVWM02BBu+x75yPFWSSDfDA/kZ9WqKkHNdjGpDw==",
      "dependencies": {
        "@sentry/core": "7.41.0",
        "@sentry/types": "7.41.0",
        "@sentry/utils": "7.41.0",
        "tslib": "^1.9.3"
      },
      "engines": {
        "node": ">=8"
      }
    },
    "node_modules/@sentry/types": {
      "version": "7.41.0",
      "resolved": "https://registry.npmjs.org/@sentry/types/-/types-7.41.0.tgz",
      "integrity": "sha512-4z9VdObynwd64i0VHCqkeIAHmsFzapL21qN41Brzb7jY/eGxjn/0rxInDGH+vkoE9qacGqiYfWj4vRNPLsC/bw==",
      "engines": {
        "node": ">=8"
      }
    },
    "node_modules/@sentry/utils": {
      "version": "7.41.0",
      "resolved": "https://registry.npmjs.org/@sentry/utils/-/utils-7.41.0.tgz",
      "integrity": "sha512-SL+MGitvkakbkrOTb48rDuJp9GYx/veB6EOzYygh49+zwz4DGM7dD4/rvf/mVlgmXUzPgdGDgkVmxgX3nT7I7g==",
      "dependencies": {
        "@sentry/types": "7.41.0",
        "tslib": "^1.9.3"
      },
      "engines": {
        "node": ">=8"
      }
    },
    "node_modules/tslib": {
      "version": "1.14.1",
      "resolved": "https://registry.npmjs.org/tslib/-/tslib-1.14.1.tgz",
      "integrity": "sha512-Xni35NKzjgMrwevysHTCArtLDpPvye8zV/0E4EyYn43P7/7qvQwPh9BGkHewbMulVntbigmcT7rdX3BNo9wRJg=="
    }
  }
}
